
Microsoft Visual Studio Solution File, Format Version 12.00
# Visual Studio 15
VisualStudioVersion = 15.0.28010.2048
MinimumVisualStudioVersion = 10.0.40219.1
Project("{9A19103F-16F7-4668-BE54-9A1E7A4F7556}") = "Beste.Module.User", "Beste.Module.User\Beste.Module.User.csproj", "{D91F51C7-DCDE-418B-A8FA-EBEF8B6C94D3}"
EndProject
Project("{FAE04EC0-301F-11D3-BF4B-00C04F79EFBC}") = "Beste.Module.BesteUser.Tests", "Beste.Module.BesteUser.Tests\Beste.Module.BesteUser.Tests.csproj", "{3F16FA3D-2209-418A-B0E0-56911B4BC4F1}"
EndProject
Global
	GlobalSection(SolutionConfigurationPlatforms) = preSolution
		Debug|Any CPU = Debug|Any CPU
		Release|Any CPU = Release|Any CPU
	EndGlobalSection
	GlobalSection(ProjectConfigurationPlatforms) = postSolution
		{D91F51C7-DCDE-418B-A8FA-EBEF8B6C94D3}.Debug|Any CPU.ActiveCfg = Debug|Any CPU
		{D91F51C7-DCDE-418B-A8FA-EBEF8B6C94D3}.Debug|Any CPU.Build.0 = Debug|Any CPU
		{D91F51C7-DCDE-418B-A8FA-EBEF8B6C94D3}.Release|Any CPU.ActiveCfg = Release|Any CPU
		{D91F51C7-DCDE-418B-A8FA-EBEF8B6C94D3}.Release|Any CPU.Build.0 = Release|Any CPU
		{3F16FA3D-2209-418A-B0E0-56911B4BC4F1}.Debug|Any CPU.ActiveCfg = Debug|Any CPU
		{3F16FA3D-2209-418A-B0E0-56911B4BC4F1}.Debug|Any CPU.Build.0 = Debug|Any CPU
		{3F16FA3D-2209-418A-B0E0-56911B4BC4F1}.Release|Any CPU.ActiveCfg = Release|Any CPU
		{3F16FA3D-2209-418A-B0E0-56911B4BC4F1}.Release|Any CPU.Build.0 = Release|Any CPU
	EndGlobalSection
	GlobalSection(SolutionProperties) = preSolution
		HideSolutionNode = FALSE
	EndGlobalSection
	GlobalSection(ExtensibilityGlobals) = postSolution
		SolutionGuid = {F2760B64-F65E-42F9-BEE2-4619997F7808}
	EndGlobalSection
EndGlobal
