
Microsoft Visual Studio Solution File, Format Version 12.00
# Visual Studio 15
VisualStudioVersion = 15.0.28010.2048
MinimumVisualStudioVersion = 10.0.40219.1
Project("{9A19103F-16F7-4668-BE54-9A1E7A4F7556}") = "Beste.Xml", "Beste.Xml\Beste.Xml.csproj", "{87C62A43-EDD8-45CF-AA1D-814FA6634C49}"
EndProject
Project("{9A19103F-16F7-4668-BE54-9A1E7A4F7556}") = "Beste.Xml.UnitTests", "Beste.Xml.UnitTests\Beste.Xml.UnitTests.csproj", "{74B84B5E-6940-4803-B3E9-B6C360954054}"
EndProject
Project("{9A19103F-16F7-4668-BE54-9A1E7A4F7556}") = "ConsoleTester", "ConsoleTester\ConsoleTester.csproj", "{FB9D0AD4-1783-42F7-964D-F4CB3476A431}"
EndProject
Global
	GlobalSection(SolutionConfigurationPlatforms) = preSolution
		Debug|Any CPU = Debug|Any CPU
		Release|Any CPU = Release|Any CPU
	EndGlobalSection
	GlobalSection(ProjectConfigurationPlatforms) = postSolution
		{87C62A43-EDD8-45CF-AA1D-814FA6634C49}.Debug|Any CPU.ActiveCfg = Debug|Any CPU
		{87C62A43-EDD8-45CF-AA1D-814FA6634C49}.Debug|Any CPU.Build.0 = Debug|Any CPU
		{87C62A43-EDD8-45CF-AA1D-814FA6634C49}.Release|Any CPU.ActiveCfg = Release|Any CPU
		{87C62A43-EDD8-45CF-AA1D-814FA6634C49}.Release|Any CPU.Build.0 = Release|Any CPU
		{74B84B5E-6940-4803-B3E9-B6C360954054}.Debug|Any CPU.ActiveCfg = Debug|Any CPU
		{74B84B5E-6940-4803-B3E9-B6C360954054}.Debug|Any CPU.Build.0 = Debug|Any CPU
		{74B84B5E-6940-4803-B3E9-B6C360954054}.Release|Any CPU.ActiveCfg = Release|Any CPU
		{74B84B5E-6940-4803-B3E9-B6C360954054}.Release|Any CPU.Build.0 = Release|Any CPU
		{FB9D0AD4-1783-42F7-964D-F4CB3476A431}.Debug|Any CPU.ActiveCfg = Debug|Any CPU
		{FB9D0AD4-1783-42F7-964D-F4CB3476A431}.Debug|Any CPU.Build.0 = Debug|Any CPU
		{FB9D0AD4-1783-42F7-964D-F4CB3476A431}.Release|Any CPU.ActiveCfg = Release|Any CPU
		{FB9D0AD4-1783-42F7-964D-F4CB3476A431}.Release|Any CPU.Build.0 = Release|Any CPU
	EndGlobalSection
	GlobalSection(SolutionProperties) = preSolution
		HideSolutionNode = FALSE
	EndGlobalSection
	GlobalSection(ExtensibilityGlobals) = postSolution
		SolutionGuid = {B69EE757-E67E-4405-B7C4-FCC394AE8E64}
	EndGlobalSection
EndGlobal
