
Microsoft Visual Studio Solution File, Format Version 12.00
# Visual Studio 15
VisualStudioVersion = 15.0.28010.2048
MinimumVisualStudioVersion = 10.0.40219.1
Project("{9A19103F-16F7-4668-BE54-9A1E7A4F7556}") = "Beste.Databases.Connector", "Beste.Databases.Connector\Beste.Databases.Connector.csproj", "{EE70566E-E271-4C4B-A2AA-77B366F922E1}"
EndProject
Project("{9A19103F-16F7-4668-BE54-9A1E7A4F7556}") = "Beste.Databases.User", "Beste.Databases.User\Beste.Databases.User.csproj", "{B06EDC97-959B-4001-A776-AABD3D08036E}"
EndProject
Project("{9A19103F-16F7-4668-BE54-9A1E7A4F7556}") = "Beste.Databases.Tests", "Beste.Databases.Tests\Beste.Databases.Tests.csproj", "{B624490E-E314-46D6-B5C9-BDCD2A99330B}"
EndProject
Global
	GlobalSection(SolutionConfigurationPlatforms) = preSolution
		Debug|Any CPU = Debug|Any CPU
		Release|Any CPU = Release|Any CPU
	EndGlobalSection
	GlobalSection(ProjectConfigurationPlatforms) = postSolution
		{EE70566E-E271-4C4B-A2AA-77B366F922E1}.Debug|Any CPU.ActiveCfg = Debug|Any CPU
		{EE70566E-E271-4C4B-A2AA-77B366F922E1}.Debug|Any CPU.Build.0 = Debug|Any CPU
		{EE70566E-E271-4C4B-A2AA-77B366F922E1}.Release|Any CPU.ActiveCfg = Release|Any CPU
		{EE70566E-E271-4C4B-A2AA-77B366F922E1}.Release|Any CPU.Build.0 = Release|Any CPU
		{B06EDC97-959B-4001-A776-AABD3D08036E}.Debug|Any CPU.ActiveCfg = Debug|Any CPU
		{B06EDC97-959B-4001-A776-AABD3D08036E}.Debug|Any CPU.Build.0 = Debug|Any CPU
		{B06EDC97-959B-4001-A776-AABD3D08036E}.Release|Any CPU.ActiveCfg = Release|Any CPU
		{B06EDC97-959B-4001-A776-AABD3D08036E}.Release|Any CPU.Build.0 = Release|Any CPU
		{B624490E-E314-46D6-B5C9-BDCD2A99330B}.Debug|Any CPU.ActiveCfg = Debug|Any CPU
		{B624490E-E314-46D6-B5C9-BDCD2A99330B}.Debug|Any CPU.Build.0 = Debug|Any CPU
		{B624490E-E314-46D6-B5C9-BDCD2A99330B}.Release|Any CPU.ActiveCfg = Release|Any CPU
		{B624490E-E314-46D6-B5C9-BDCD2A99330B}.Release|Any CPU.Build.0 = Release|Any CPU
	EndGlobalSection
	GlobalSection(SolutionProperties) = preSolution
		HideSolutionNode = FALSE
	EndGlobalSection
	GlobalSection(ExtensibilityGlobals) = postSolution
		SolutionGuid = {9BE1CD41-29F1-4A5D-B7C1-BA3C6EDCC54B}
	EndGlobalSection
EndGlobal
